
Microsoft Visual Studio Solution File, Format Version 12.00
# Visual Studio Version 17
VisualStudioVersion = 17.5.33414.496
MinimumVisualStudioVersion = 10.0.40219.1
Project("{FAE04EC0-301F-11D3-BF4B-00C04F79EFBC}") = "AccelistTraining.WinForm2023", "AccelistTraining.WinForm2023\AccelistTraining.WinForm2023.csproj", "{0CA33C21-3EAD-4B93-9616-7F022A7764B2}"
EndProject
Global
	GlobalSection(SolutionConfigurationPlatforms) = preSolution
		Debug|Any CPU = Debug|Any CPU
		Release|Any CPU = Release|Any CPU
	EndGlobalSection
	GlobalSection(ProjectConfigurationPlatforms) = postSolution
		{0CA33C21-3EAD-4B93-9616-7F022A7764B2}.Debug|Any CPU.ActiveCfg = Debug|Any CPU
		{0CA33C21-3EAD-4B93-9616-7F022A7764B2}.Debug|Any CPU.Build.0 = Debug|Any CPU
		{0CA33C21-3EAD-4B93-9616-7F022A7764B2}.Release|Any CPU.ActiveCfg = Release|Any CPU
		{0CA33C21-3EAD-4B93-9616-7F022A7764B2}.Release|Any CPU.Build.0 = Release|Any CPU
	EndGlobalSection
	GlobalSection(SolutionProperties) = preSolution
		HideSolutionNode = FALSE
	EndGlobalSection
	GlobalSection(ExtensibilityGlobals) = postSolution
		SolutionGuid = {A71806A8-2968-4169-A303-989D65BB9D62}
	EndGlobalSection
EndGlobal
